// !$*UTF8*$!
{
	archiveVersion = 1;
	classes = {
	};
	objectVersion = 50;
	objects = {

/* Begin PBXBuildFile section */
		FA73696D2281E44C0082434C /* AppDelegate.swift in Sources */ = {isa = PBXBuildFile; fileRef = FA73696C2281E44C0082434C /* AppDelegate.swift */; };
		FA7369722281E44D0082434C /* Main.storyboard in Resources */ = {isa = PBXBuildFile; fileRef = FA7369702281E44D0082434C /* Main.storyboard */; };
		FA7369742281E4580082434C /* Assets.xcassets in Resources */ = {isa = PBXBuildFile; fileRef = FA7369732281E4580082434C /* Assets.xcassets */; };
		FA7369772281E4580082434C /* LaunchScreen.storyboard in Resources */ = {isa = PBXBuildFile; fileRef = FA7369752281E4580082434C /* LaunchScreen.storyboard */; };
		FA7369852281E5460082434C /* Person.swift in Sources */ = {isa = PBXBuildFile; fileRef = FA7369842281E5460082434C /* Person.swift */; };
		FA7369872281E55F0082434C /* PersonController.swift in Sources */ = {isa = PBXBuildFile; fileRef = FA7369862281E55F0082434C /* PersonController.swift */; };
		FA7369892281E5920082434C /* PersonTableViewCell.swift in Sources */ = {isa = PBXBuildFile; fileRef = FA7369882281E5920082434C /* PersonTableViewCell.swift */; };
		FA73698B2281E5BD0082434C /* PersonSearchTableViewController.swift in Sources */ = {isa = PBXBuildFile; fileRef = FA73698A2281E5BD0082434C /* PersonSearchTableViewController.swift */; };
/* End PBXBuildFile section */

/* Begin PBXFileReference section */
		FA7369692281E44C0082434C /* FindACrew.app */ = {isa = PBXFileReference; explicitFileType = wrapper.application; includeInIndex = 0; path = FindACrew.app; sourceTree = BUILT_PRODUCTS_DIR; };
		FA73696C2281E44C0082434C /* AppDelegate.swift */ = {isa = PBXFileReference; lastKnownFileType = sourcecode.swift; path = AppDelegate.swift; sourceTree = "<group>"; };
		FA7369712281E44D0082434C /* Base */ = {isa = PBXFileReference; lastKnownFileType = file.storyboard; name = Base; path = Base.lproj/Main.storyboard; sourceTree = "<group>"; };
		FA7369732281E4580082434C /* Assets.xcassets */ = {isa = PBXFileReference; lastKnownFileType = folder.assetcatalog; path = Assets.xcassets; sourceTree = "<group>"; };
		FA7369762281E4580082434C /* Base */ = {isa = PBXFileReference; lastKnownFileType = file.storyboard; name = Base; path = Base.lproj/LaunchScreen.storyboard; sourceTree = "<group>"; };
		FA7369782281E4580082434C /* Info.plist */ = {isa = PBXFileReference; lastKnownFileType = text.plist.xml; path = Info.plist; sourceTree = "<group>"; };
		FA7369842281E5460082434C /* Person.swift */ = {isa = PBXFileReference; lastKnownFileType = sourcecode.swift; path = Person.swift; sourceTree = "<group>"; };
		FA7369862281E55F0082434C /* PersonController.swift */ = {isa = PBXFileReference; lastKnownFileType = sourcecode.swift; path = PersonController.swift; sourceTree = "<group>"; };
		FA7369882281E5920082434C /* PersonTableViewCell.swift */ = {isa = PBXFileReference; lastKnownFileType = sourcecode.swift; path = PersonTableViewCell.swift; sourceTree = "<group>"; };
		FA73698A2281E5BD0082434C /* PersonSearchTableViewController.swift */ = {isa = PBXFileReference; lastKnownFileType = sourcecode.swift; path = PersonSearchTableViewController.swift; sourceTree = "<group>"; };
/* End PBXFileReference section */

/* Begin PBXFrameworksBuildPhase section */
		FA7369662281E44C0082434C /* Frameworks */ = {
			isa = PBXFrameworksBuildPhase;
			buildActionMask = 2147483647;
			files = (
			);
			runOnlyForDeploymentPostprocessing = 0;
		};
/* End PBXFrameworksBuildPhase section */

/* Begin PBXGroup section */
		FA7369602281E44C0082434C = {
			isa = PBXGroup;
			children = (
				FA73696B2281E44C0082434C /* FindACrew */,
				FA73696A2281E44C0082434C /* Products */,
			);
			sourceTree = "<group>";
		};
		FA73696A2281E44C0082434C /* Products */ = {
			isa = PBXGroup;
			children = (
				FA7369692281E44C0082434C /* FindACrew.app */,
			);
			name = Products;
			sourceTree = "<group>";
		};
		FA73696B2281E44C0082434C /* FindACrew */ = {
			isa = PBXGroup;
			children = (
				FA7369822281E4870082434C /* Resources */,
				FA7369812281E4810082434C /* Views */,
				FA7369832281E4920082434C /* View Controllers */,
				FA7369802281E47A0082434C /* Storyboards */,
				FA73697F2281E46D0082434C /* Model Controllers */,
				FA73697E2281E4670082434C /* Models */,
			);
			path = FindACrew;
			sourceTree = "<group>";
		};
		FA73697E2281E4670082434C /* Models */ = {
			isa = PBXGroup;
			children = (
				FA7369842281E5460082434C /* Person.swift */,
			);
			path = Models;
			sourceTree = "<group>";
		};
		FA73697F2281E46D0082434C /* Model Controllers */ = {
			isa = PBXGroup;
			children = (
				FA7369862281E55F0082434C /* PersonController.swift */,
			);
			path = "Model Controllers";
			sourceTree = "<group>";
		};
		FA7369802281E47A0082434C /* Storyboards */ = {
			isa = PBXGroup;
			children = (
				FA7369702281E44D0082434C /* Main.storyboard */,
				FA7369752281E4580082434C /* LaunchScreen.storyboard */,
			);
			path = Storyboards;
			sourceTree = "<group>";
		};
		FA7369812281E4810082434C /* Views */ = {
			isa = PBXGroup;
			children = (
				FA7369882281E5920082434C /* PersonTableViewCell.swift */,
			);
			path = Views;
			sourceTree = "<group>";
		};
		FA7369822281E4870082434C /* Resources */ = {
			isa = PBXGroup;
			children = (
				FA7369782281E4580082434C /* Info.plist */,
				FA7369732281E4580082434C /* Assets.xcassets */,
				FA73696C2281E44C0082434C /* AppDelegate.swift */,
			);
			path = Resources;
			sourceTree = "<group>";
		};
		FA7369832281E4920082434C /* View Controllers */ = {
			isa = PBXGroup;
			children = (
				FA73698A2281E5BD0082434C /* PersonSearchTableViewController.swift */,
			);
			path = "View Controllers";
			sourceTree = "<group>";
		};
/* End PBXGroup section */

/* Begin PBXNativeTarget section */
		FA7369682281E44C0082434C /* FindACrew */ = {
			isa = PBXNativeTarget;
			buildConfigurationList = FA73697B2281E4580082434C /* Build configuration list for PBXNativeTarget "FindACrew" */;
			buildPhases = (
				FA7369652281E44C0082434C /* Sources */,
				FA7369662281E44C0082434C /* Frameworks */,
				FA7369672281E44C0082434C /* Resources */,
			);
			buildRules = (
			);
			dependencies = (
			);
			name = FindACrew;
			productName = FindACrew;
			productReference = FA7369692281E44C0082434C /* FindACrew.app */;
			productType = "com.apple.product-type.application";
		};
/* End PBXNativeTarget section */

/* Begin PBXProject section */
		FA7369612281E44C0082434C /* Project object */ = {
			isa = PBXProject;
			attributes = {
				LastSwiftUpdateCheck = 1020;
				LastUpgradeCheck = 1020;
				ORGANIZATIONNAME = Alex;
				TargetAttributes = {
					FA7369682281E44C0082434C = {
						CreatedOnToolsVersion = 10.2.1;
					};
				};
			};
			buildConfigurationList = FA7369642281E44C0082434C /* Build configuration list for PBXProject "FindACrew" */;
			compatibilityVersion = "Xcode 9.3";
			developmentRegion = en;
			hasScannedForEncodings = 0;
			knownRegions = (
				en,
				Base,
			);
			mainGroup = FA7369602281E44C0082434C;
			productRefGroup = FA73696A2281E44C0082434C /* Products */;
			projectDirPath = "";
			projectRoot = "";
			targets = (
				FA7369682281E44C0082434C /* FindACrew */,
			);
		};
/* End PBXProject section */

/* Begin PBXResourcesBuildPhase section */
		FA7369672281E44C0082434C /* Resources */ = {
			isa = PBXResourcesBuildPhase;
			buildActionMask = 2147483647;
			files = (
				FA7369772281E4580082434C /* LaunchScreen.storyboard in Resources */,
				FA7369742281E4580082434C /* Assets.xcassets in Resources */,
				FA7369722281E44D0082434C /* Main.storyboard in Resources */,
			);
			runOnlyForDeploymentPostprocessing = 0;
		};
/* End PBXResourcesBuildPhase section */

/* Begin PBXSourcesBuildPhase section */
		FA7369652281E44C0082434C /* Sources */ = {
			isa = PBXSourcesBuildPhase;
			buildActionMask = 2147483647;
			files = (
				FA7369852281E5460082434C /* Person.swift in Sources */,
				FA73698B2281E5BD0082434C /* PersonSearchTableViewController.swift in Sources */,
				FA7369872281E55F0082434C /* PersonController.swift in Sources */,
				FA7369892281E5920082434C /* PersonTableViewCell.swift in Sources */,
				FA73696D2281E44C0082434C /* AppDelegate.swift in Sources */,
			);
			runOnlyForDeploymentPostprocessing = 0;
		};
/* End PBXSourcesBuildPhase section */

/* Begin PBXVariantGroup section */
		FA7369702281E44D0082434C /* Main.storyboard */ = {
			isa = PBXVariantGroup;
			children = (
				FA7369712281E44D0082434C /* Base */,
			);
			name = Main.storyboard;
			sourceTree = "<group>";
		};
		FA7369752281E4580082434C /* LaunchScreen.storyboard */ = {
			isa = PBXVariantGroup;
			children = (
				FA7369762281E4580082434C /* Base */,
			);
			name = LaunchScreen.storyboard;
			sourceTree = "<group>";
		};
/* End PBXVariantGroup section */

/* Begin XCBuildConfiguration section */
		FA7369792281E4580082434C /* Debug */ = {
			isa = XCBuildConfiguration;
			buildSettings = {
				ALWAYS_SEARCH_USER_PATHS = NO;
				CLANG_ANALYZER_NONNULL = YES;
				CLANG_ANALYZER_NUMBER_OBJECT_CONVERSION = YES_AGGRESSIVE;
				CLANG_CXX_LANGUAGE_STANDARD = "gnu++14";
				CLANG_CXX_LIBRARY = "libc++";
				CLANG_ENABLE_MODULES = YES;
				CLANG_ENABLE_OBJC_ARC = YES;
				CLANG_ENABLE_OBJC_WEAK = YES;
				CLANG_WARN_BLOCK_CAPTURE_AUTORELEASING = YES;
				CLANG_WARN_BOOL_CONVERSION = YES;
				CLANG_WARN_COMMA = YES;
				CLANG_WARN_CONSTANT_CONVERSION = YES;
				CLANG_WARN_DEPRECATED_OBJC_IMPLEMENTATIONS = YES;
				CLANG_WARN_DIRECT_OBJC_ISA_USAGE = YES_ERROR;
				CLANG_WARN_DOCUMENTATION_COMMENTS = YES;
				CLANG_WARN_EMPTY_BODY = YES;
				CLANG_WARN_ENUM_CONVERSION = YES;
				CLANG_WARN_INFINITE_RECURSION = YES;
				CLANG_WARN_INT_CONVERSION = YES;
				CLANG_WARN_NON_LITERAL_NULL_CONVERSION = YES;
				CLANG_WARN_OBJC_IMPLICIT_RETAIN_SELF = YES;
				CLANG_WARN_OBJC_LITERAL_CONVERSION = YES;
				CLANG_WARN_OBJC_ROOT_CLASS = YES_ERROR;
				CLANG_WARN_RANGE_LOOP_ANALYSIS = YES;
				CLANG_WARN_STRICT_PROTOTYPES = YES;
				CLANG_WARN_SUSPICIOUS_MOVE = YES;
				CLANG_WARN_UNGUARDED_AVAILABILITY = YES_AGGRESSIVE;
				CLANG_WARN_UNREACHABLE_CODE = YES;
				CLANG_WARN__DUPLICATE_METHOD_MATCH = YES;
				CODE_SIGN_IDENTITY = "iPhone Developer";
				COPY_PHASE_STRIP = NO;
				DEBUG_INFORMATION_FORMAT = dwarf;
				ENABLE_STRICT_OBJC_MSGSEND = YES;
				ENABLE_TESTABILITY = YES;
				GCC_C_LANGUAGE_STANDARD = gnu11;
				GCC_DYNAMIC_NO_PIC = NO;
				GCC_NO_COMMON_BLOCKS = YES;
				GCC_OPTIMIZATION_LEVEL = 0;
				GCC_PREPROCESSOR_DEFINITIONS = (
					"DEBUG=1",
					"$(inherited)",
				);
				GCC_WARN_64_TO_32_BIT_CONVERSION = YES;
				GCC_WARN_ABOUT_RETURN_TYPE = YES_ERROR;
				GCC_WARN_UNDECLARED_SELECTOR = YES;
				GCC_WARN_UNINITIALIZED_AUTOS = YES_AGGRESSIVE;
				GCC_WARN_UNUSED_FUNCTION = YES;
				GCC_WARN_UNUSED_VARIABLE = YES;
				IPHONEOS_DEPLOYMENT_TARGET = 12.2;
				MTL_ENABLE_DEBUG_INFO = INCLUDE_SOURCE;
				MTL_FAST_MATH = YES;
				ONLY_ACTIVE_ARCH = YES;
				SDKROOT = iphoneos;
				SWIFT_ACTIVE_COMPILATION_CONDITIONS = DEBUG;
				SWIFT_OPTIMIZATION_LEVEL = "-Onone";
			};
			name = Debug;
		};
		FA73697A2281E4580082434C /* Release */ = {
			isa = XCBuildConfiguration;
			buildSettings = {
				ALWAYS_SEARCH_USER_PATHS = NO;
				CLANG_ANALYZER_NONNULL = YES;
				CLANG_ANALYZER_NUMBER_OBJECT_CONVERSION = YES_AGGRESSIVE;
				CLANG_CXX_LANGUAGE_STANDARD = "gnu++14";
				CLANG_CXX_LIBRARY = "libc++";
				CLANG_ENABLE_MODULES = YES;
				CLANG_ENABLE_OBJC_ARC = YES;
				CLANG_ENABLE_OBJC_WEAK = YES;
				CLANG_WARN_BLOCK_CAPTURE_AUTORELEASING = YES;
				CLANG_WARN_BOOL_CONVERSION = YES;
				CLANG_WARN_COMMA = YES;
				CLANG_WARN_CONSTANT_CONVERSION = YES;
				CLANG_WARN_DEPRECATED_OBJC_IMPLEMENTATIONS = YES;
				CLANG_WARN_DIRECT_OBJC_ISA_USAGE = YES_ERROR;
				CLANG_WARN_DOCUMENTATION_COMMENTS = YES;
				CLANG_WARN_EMPTY_BODY = YES;
				CLANG_WARN_ENUM_CONVERSION = YES;
				CLANG_WARN_INFINITE_RECURSION = YES;
				CLANG_WARN_INT_CONVERSION = YES;
				CLANG_WARN_NON_LITERAL_NULL_CONVERSION = YES;
				CLANG_WARN_OBJC_IMPLICIT_RETAIN_SELF = YES;
				CLANG_WARN_OBJC_LITERAL_CONVERSION = YES;
				CLANG_WARN_OBJC_ROOT_CLASS = YES_ERROR;
				CLANG_WARN_RANGE_LOOP_ANALYSIS = YES;
				CLANG_WARN_STRICT_PROTOTYPES = YES;
				CLANG_WARN_SUSPICIOUS_MOVE = YES;
				CLANG_WARN_UNGUARDED_AVAILABILITY = YES_AGGRESSIVE;
				CLANG_WARN_UNREACHABLE_CODE = YES;
				CLANG_WARN__DUPLICATE_METHOD_MATCH = YES;
				CODE_SIGN_IDENTITY = "iPhone Developer";
				COPY_PHASE_STRIP = NO;
				DEBUG_INFORMATION_FORMAT = "dwarf-with-dsym";
				ENABLE_NS_ASSERTIONS = NO;
				ENABLE_STRICT_OBJC_MSGSEND = YES;
				GCC_C_LANGUAGE_STANDARD = gnu11;
				GCC_NO_COMMON_BLOCKS = YES;
				GCC_WARN_64_TO_32_BIT_CONVERSION = YES;
				GCC_WARN_ABOUT_RETURN_TYPE = YES_ERROR;
				GCC_WARN_UNDECLARED_SELECTOR = YES;
				GCC_WARN_UNINITIALIZED_AUTOS = YES_AGGRESSIVE;
				GCC_WARN_UNUSED_FUNCTION = YES;
				GCC_WARN_UNUSED_VARIABLE = YES;
				IPHONEOS_DEPLOYMENT_TARGET = 12.2;
				MTL_ENABLE_DEBUG_INFO = NO;
				MTL_FAST_MATH = YES;
				SDKROOT = iphoneos;
				SWIFT_COMPILATION_MODE = wholemodule;
				SWIFT_OPTIMIZATION_LEVEL = "-O";
				VALIDATE_PRODUCT = YES;
			};
			name = Release;
		};
		FA73697C2281E4580082434C /* Debug */ = {
			isa = XCBuildConfiguration;
			buildSettings = {
				ASSETCATALOG_COMPILER_APPICON_NAME = AppIcon;
				CODE_SIGN_STYLE = Automatic;
				DEVELOPMENT_TEAM = PN2DL855CJ;
				INFOPLIST_FILE = FindACrew/Info.plist;
				LD_RUNPATH_SEARCH_PATHS = (
					"$(inherited)",
					"@executable_path/Frameworks",
				);
				PRODUCT_BUNDLE_IDENTIFIER = com.weekend.FindACrew;
				PRODUCT_NAME = "$(TARGET_NAME)";
				SWIFT_VERSION = 5.0;
				TARGETED_DEVICE_FAMILY = "1,2";
			};
			name = Debug;
		};
		FA73697D2281E4580082434C /* Release */ = {
			isa = XCBuildConfiguration;
			buildSettings = {
				ASSETCATALOG_COMPILER_APPICON_NAME = AppIcon;
				CODE_SIGN_STYLE = Automatic;
				DEVELOPMENT_TEAM = PN2DL855CJ;
				INFOPLIST_FILE = FindACrew/Info.plist;
				LD_RUNPATH_SEARCH_PATHS = (
					"$(inherited)",
					"@executable_path/Frameworks",
				);
				PRODUCT_BUNDLE_IDENTIFIER = com.weekend.FindACrew;
				PRODUCT_NAME = "$(TARGET_NAME)";
				SWIFT_VERSION = 5.0;
				TARGETED_DEVICE_FAMILY = "1,2";
			};
			name = Release;
		};
/* End XCBuildConfiguration section */

/* Begin XCConfigurationList section */
		FA7369642281E44C0082434C /* Build configuration list for PBXProject "FindACrew" */ = {
			isa = XCConfigurationList;
			buildConfigurations = (
				FA7369792281E4580082434C /* Debug */,
				FA73697A2281E4580082434C /* Release */,
			);
			defaultConfigurationIsVisible = 0;
			defaultConfigurationName = Release;
		};
		FA73697B2281E4580082434C /* Build configuration list for PBXNativeTarget "FindACrew" */ = {
			isa = XCConfigurationList;
			buildConfigurations = (
				FA73697C2281E4580082434C /* Debug */,
				FA73697D2281E4580082434C /* Release */,
			);
			defaultConfigurationIsVisible = 0;
			defaultConfigurationName = Release;
		};
/* End XCConfigurationList section */
	};
	rootObject = FA7369612281E44C0082434C /* Project object */;
}
